
Microsoft Visual Studio Solution File, Format Version 12.00
# Visual Studio Version 16
VisualStudioVersion = 16.0.30128.74
MinimumVisualStudioVersion = 10.0.40219.1
Project("{9A19103F-16F7-4668-BE54-9A1E7A4F7556}") = "DeviceMicroservice", "DeviceMicroservice\DeviceMicroservice.csproj", "{35C15722-4112-4C61-BCA4-C3E8B3B565A4}"
EndProject
Project("{9A19103F-16F7-4668-BE54-9A1E7A4F7556}") = "AnalyticsMicroservice", "AnalyticsMicroservice\AnalyticsMicroservice.csproj", "{E6D2599D-D726-4CB9-B2E6-9417CC42F2D7}"
EndProject
Project("{9A19103F-16F7-4668-BE54-9A1E7A4F7556}") = "CommandMicroservice", "CommandMicroservice\CommandMicroservice.csproj", "{622EFF18-A13C-4AE8-9112-1706B6FCFBA5}"
EndProject
Project("{E53339B2-1760-4266-BCC7-CA923CBCF16C}") = "docker-compose", "docker-compose.dcproj", "{7E642503-F162-4E65-A1D0-D0E01238CD73}"
EndProject
Project("{FAE04EC0-301F-11D3-BF4B-00C04F79EFBC}") = "Gateway", "Gateway\Gateway.csproj", "{1C2C6101-1129-40C3-9E6E-16DFBA5E3717}"
EndProject
Global
	GlobalSection(SolutionConfigurationPlatforms) = preSolution
		Debug|Any CPU = Debug|Any CPU
		Release|Any CPU = Release|Any CPU
	EndGlobalSection
	GlobalSection(ProjectConfigurationPlatforms) = postSolution
		{35C15722-4112-4C61-BCA4-C3E8B3B565A4}.Debug|Any CPU.ActiveCfg = Debug|Any CPU
		{35C15722-4112-4C61-BCA4-C3E8B3B565A4}.Debug|Any CPU.Build.0 = Debug|Any CPU
		{35C15722-4112-4C61-BCA4-C3E8B3B565A4}.Release|Any CPU.ActiveCfg = Release|Any CPU
		{35C15722-4112-4C61-BCA4-C3E8B3B565A4}.Release|Any CPU.Build.0 = Release|Any CPU
		{35C15722-4112-4C61-BCA4-C3E8B3B565A4}.Debug|Any CPU.Deploy.0 = Debug|Any CPU
		{E6D2599D-D726-4CB9-B2E6-9417CC42F2D7}.Debug|Any CPU.ActiveCfg = Debug|Any CPU
		{E6D2599D-D726-4CB9-B2E6-9417CC42F2D7}.Release|Any CPU.ActiveCfg = Release|Any CPU
		{E6D2599D-D726-4CB9-B2E6-9417CC42F2D7}.Release|Any CPU.Build.0 = Release|Any CPU
		{622EFF18-A13C-4AE8-9112-1706B6FCFBA5}.Debug|Any CPU.ActiveCfg = Debug|Any CPU
		{622EFF18-A13C-4AE8-9112-1706B6FCFBA5}.Release|Any CPU.ActiveCfg = Release|Any CPU
		{622EFF18-A13C-4AE8-9112-1706B6FCFBA5}.Release|Any CPU.Build.0 = Release|Any CPU
		{7E642503-F162-4E65-A1D0-D0E01238CD73}.Debug|Any CPU.ActiveCfg = Debug|Any CPU
		{7E642503-F162-4E65-A1D0-D0E01238CD73}.Release|Any CPU.ActiveCfg = Release|Any CPU
		{7E642503-F162-4E65-A1D0-D0E01238CD73}.Release|Any CPU.Build.0 = Release|Any CPU
		{1C2C6101-1129-40C3-9E6E-16DFBA5E3717}.Debug|Any CPU.ActiveCfg = Debug|Any CPU
		{1C2C6101-1129-40C3-9E6E-16DFBA5E3717}.Release|Any CPU.ActiveCfg = Release|Any CPU
		{1C2C6101-1129-40C3-9E6E-16DFBA5E3717}.Release|Any CPU.Build.0 = Release|Any CPU
	EndGlobalSection
	GlobalSection(SolutionProperties) = preSolution
		HideSolutionNode = FALSE
	EndGlobalSection
	GlobalSection(ExtensibilityGlobals) = postSolution
		SolutionGuid = {B751AFC4-D90D-4750-ACD3-01F0EC965F13}
	EndGlobalSection
EndGlobal
